
Microsoft Visual Studio Solution File, Format Version 12.00
# Visual Studio Version 17
VisualStudioVersion = 17.6.33829.357
MinimumVisualStudioVersion = 10.0.40219.1
Project("{FAE04EC0-301F-11D3-BF4B-00C04F79EFBC}") = "2240. Number of Ways to Buy Pens and Pencils", "2240. Number of Ways to Buy Pens and Pencils.csproj", "{1E7AD59C-4F9F-4058-B931-89645F3D857D}"
EndProject
Global
	GlobalSection(SolutionConfigurationPlatforms) = preSolution
		Debug|Any CPU = Debug|Any CPU
		Release|Any CPU = Release|Any CPU
	EndGlobalSection
	GlobalSection(ProjectConfigurationPlatforms) = postSolution
		{1E7AD59C-4F9F-4058-B931-89645F3D857D}.Debug|Any CPU.ActiveCfg = Debug|Any CPU
		{1E7AD59C-4F9F-4058-B931-89645F3D857D}.Debug|Any CPU.Build.0 = Debug|Any CPU
		{1E7AD59C-4F9F-4058-B931-89645F3D857D}.Release|Any CPU.ActiveCfg = Release|Any CPU
		{1E7AD59C-4F9F-4058-B931-89645F3D857D}.Release|Any CPU.Build.0 = Release|Any CPU
	EndGlobalSection
	GlobalSection(SolutionProperties) = preSolution
		HideSolutionNode = FALSE
	EndGlobalSection
	GlobalSection(ExtensibilityGlobals) = postSolution
		SolutionGuid = {1B45668A-A857-48C8-A2B4-80C6791E2055}
	EndGlobalSection
EndGlobal
